
Microsoft Visual Studio Solution File, Format Version 12.00
# Visual Studio Version 17
VisualStudioVersion = 17.6.33723.286
MinimumVisualStudioVersion = 10.0.40219.1
Project("{FAE04EC0-301F-11D3-BF4B-00C04F79EFBC}") = "Sandbox MVC", "Sandbox MVC.csproj", "{EB7A0D0B-88D0-44A6-B4ED-BD33325788EB}"
EndProject
Global
	GlobalSection(SolutionConfigurationPlatforms) = preSolution
		Debug|Any CPU = Debug|Any CPU
		Release|Any CPU = Release|Any CPU
	EndGlobalSection
	GlobalSection(ProjectConfigurationPlatforms) = postSolution
		{EB7A0D0B-88D0-44A6-B4ED-BD33325788EB}.Debug|Any CPU.ActiveCfg = Debug|Any CPU
		{EB7A0D0B-88D0-44A6-B4ED-BD33325788EB}.Debug|Any CPU.Build.0 = Debug|Any CPU
		{EB7A0D0B-88D0-44A6-B4ED-BD33325788EB}.Release|Any CPU.ActiveCfg = Release|Any CPU
		{EB7A0D0B-88D0-44A6-B4ED-BD33325788EB}.Release|Any CPU.Build.0 = Release|Any CPU
	EndGlobalSection
	GlobalSection(SolutionProperties) = preSolution
		HideSolutionNode = FALSE
	EndGlobalSection
	GlobalSection(ExtensibilityGlobals) = postSolution
		SolutionGuid = {C4D4E96E-E48E-4AD6-8DC8-35638CC4D1DE}
	EndGlobalSection
EndGlobal
