
Microsoft Visual Studio Solution File, Format Version 12.00
# Visual Studio Version 17
VisualStudioVersion = 17.6.33712.159
MinimumVisualStudioVersion = 10.0.40219.1
Project("{FAE04EC0-301F-11D3-BF4B-00C04F79EFBC}") = "Main", "..\Main\Main.csproj", "{FBE2CE6D-D46A-4D64-A19D-16EC5D1316E9}"
EndProject
Global
	GlobalSection(SolutionConfigurationPlatforms) = preSolution
		Debug|Any CPU = Debug|Any CPU
		Release|Any CPU = Release|Any CPU
	EndGlobalSection
	GlobalSection(ProjectConfigurationPlatforms) = postSolution
		{FBE2CE6D-D46A-4D64-A19D-16EC5D1316E9}.Debug|Any CPU.ActiveCfg = Debug|Any CPU
		{FBE2CE6D-D46A-4D64-A19D-16EC5D1316E9}.Debug|Any CPU.Build.0 = Debug|Any CPU
		{FBE2CE6D-D46A-4D64-A19D-16EC5D1316E9}.Release|Any CPU.ActiveCfg = Release|Any CPU
		{FBE2CE6D-D46A-4D64-A19D-16EC5D1316E9}.Release|Any CPU.Build.0 = Release|Any CPU
	EndGlobalSection
	GlobalSection(SolutionProperties) = preSolution
		HideSolutionNode = FALSE
	EndGlobalSection
	GlobalSection(ExtensibilityGlobals) = postSolution
		SolutionGuid = {1D24EBE7-21F6-4C62-8CF6-78B7811A7F68}
	EndGlobalSection
EndGlobal
