
Microsoft Visual Studio Solution File, Format Version 12.00
# Visual Studio Version 17
VisualStudioVersion = 17.6.33723.286
MinimumVisualStudioVersion = 10.0.40219.1
Project("{FAE04EC0-301F-11D3-BF4B-00C04F79EFBC}") = "Examen Final", "Examen Final.csproj", "{CCE9D38C-0D40-49A0-BE55-4EADE73ED3A0}"
EndProject
Project("{2150E333-8FDC-42A3-9474-1A3956D46DE8}") = "ExamenFinal", "ExamenFinal", "{FDCAB07E-1161-4227-9C35-6DC22DD4C0AB}"
EndProject
Global
	GlobalSection(SolutionConfigurationPlatforms) = preSolution
		Debug|Any CPU = Debug|Any CPU
		Release|Any CPU = Release|Any CPU
	EndGlobalSection
	GlobalSection(ProjectConfigurationPlatforms) = postSolution
		{CCE9D38C-0D40-49A0-BE55-4EADE73ED3A0}.Debug|Any CPU.ActiveCfg = Debug|Any CPU
		{CCE9D38C-0D40-49A0-BE55-4EADE73ED3A0}.Debug|Any CPU.Build.0 = Debug|Any CPU
		{CCE9D38C-0D40-49A0-BE55-4EADE73ED3A0}.Release|Any CPU.ActiveCfg = Release|Any CPU
		{CCE9D38C-0D40-49A0-BE55-4EADE73ED3A0}.Release|Any CPU.Build.0 = Release|Any CPU
	EndGlobalSection
	GlobalSection(SolutionProperties) = preSolution
		HideSolutionNode = FALSE
	EndGlobalSection
	GlobalSection(NestedProjects) = preSolution
		{CCE9D38C-0D40-49A0-BE55-4EADE73ED3A0} = {FDCAB07E-1161-4227-9C35-6DC22DD4C0AB}
	EndGlobalSection
	GlobalSection(ExtensibilityGlobals) = postSolution
		SolutionGuid = {C346138C-8D89-4414-B72E-C6633EDDBBC2}
	EndGlobalSection
EndGlobal
