
Microsoft Visual Studio Solution File, Format Version 12.00
# Visual Studio Version 17
VisualStudioVersion = 17.6.33712.159
MinimumVisualStudioVersion = 10.0.40219.1
Project("{FAE04EC0-301F-11D3-BF4B-00C04F79EFBC}") = "Sandbox 7.0", "Sandbox 7.0.csproj", "{AFB98BE4-DE9E-4A56-9C7E-EA4D15DE35DD}"
EndProject
Global
	GlobalSection(SolutionConfigurationPlatforms) = preSolution
		Debug|Any CPU = Debug|Any CPU
		Release|Any CPU = Release|Any CPU
	EndGlobalSection
	GlobalSection(ProjectConfigurationPlatforms) = postSolution
		{AFB98BE4-DE9E-4A56-9C7E-EA4D15DE35DD}.Debug|Any CPU.ActiveCfg = Debug|Any CPU
		{AFB98BE4-DE9E-4A56-9C7E-EA4D15DE35DD}.Debug|Any CPU.Build.0 = Debug|Any CPU
		{AFB98BE4-DE9E-4A56-9C7E-EA4D15DE35DD}.Release|Any CPU.ActiveCfg = Release|Any CPU
		{AFB98BE4-DE9E-4A56-9C7E-EA4D15DE35DD}.Release|Any CPU.Build.0 = Release|Any CPU
	EndGlobalSection
	GlobalSection(SolutionProperties) = preSolution
		HideSolutionNode = FALSE
	EndGlobalSection
	GlobalSection(ExtensibilityGlobals) = postSolution
		SolutionGuid = {9FE0A444-A6D7-43AD-85D3-29AEEF7BF9CA}
	EndGlobalSection
EndGlobal
